
Microsoft Visual Studio Solution File, Format Version 12.00
# Visual Studio Version 16
VisualStudioVersion = 16.0.31729.503
MinimumVisualStudioVersion = 10.0.40219.1
Project("{FAE04EC0-301F-11D3-BF4B-00C04F79EFBC}") = "exercicio_heranca_polimorfismo", "exercicio_heranca_polimorfismo.csproj", "{FE70CA89-F7C3-441B-89E3-636E8CD214D0}"
EndProject
Global
	GlobalSection(SolutionConfigurationPlatforms) = preSolution
		Debug|Any CPU = Debug|Any CPU
		Release|Any CPU = Release|Any CPU
	EndGlobalSection
	GlobalSection(ProjectConfigurationPlatforms) = postSolution
		{FE70CA89-F7C3-441B-89E3-636E8CD214D0}.Debug|Any CPU.ActiveCfg = Debug|Any CPU
		{FE70CA89-F7C3-441B-89E3-636E8CD214D0}.Debug|Any CPU.Build.0 = Debug|Any CPU
		{FE70CA89-F7C3-441B-89E3-636E8CD214D0}.Release|Any CPU.ActiveCfg = Release|Any CPU
		{FE70CA89-F7C3-441B-89E3-636E8CD214D0}.Release|Any CPU.Build.0 = Release|Any CPU
	EndGlobalSection
	GlobalSection(SolutionProperties) = preSolution
		HideSolutionNode = FALSE
	EndGlobalSection
	GlobalSection(ExtensibilityGlobals) = postSolution
		SolutionGuid = {3472154D-38B0-476F-BE64-5E5C8C45501E}
	EndGlobalSection
EndGlobal
